// !$*UTF8*$!
{
	archiveVersion = 1;
	classes = {
	};
	objectVersion = 46;
	objects = {

/* Begin PBXBuildFile section */
		AB1CB2D91E22B66D00AD56B0 /* Minecrafter.Reg.ttf in Resources */ = {isa = PBXBuildFile; fileRef = AB1CB2D81E22B66D00AD56B0 /* Minecrafter.Reg.ttf */; };
		AB1CB2DB1E22B85E00AD56B0 /* InterstellarErosion.ttf in Resources */ = {isa = PBXBuildFile; fileRef = AB1CB2DA1E22B85E00AD56B0 /* InterstellarErosion.ttf */; };
		AB9741221E21BFAE00491767 /* AppDelegate.swift in Sources */ = {isa = PBXBuildFile; fileRef = AB9741211E21BFAE00491767 /* AppDelegate.swift */; };
		AB9741241E21BFAE00491767 /* ViewController.swift in Sources */ = {isa = PBXBuildFile; fileRef = AB9741231E21BFAE00491767 /* ViewController.swift */; };
		AB9741271E21BFAE00491767 /* Main.storyboard in Resources */ = {isa = PBXBuildFile; fileRef = AB9741251E21BFAE00491767 /* Main.storyboard */; };
		AB9741291E21BFAE00491767 /* Assets.xcassets in Resources */ = {isa = PBXBuildFile; fileRef = AB9741281E21BFAE00491767 /* Assets.xcassets */; };
		AB97412C1E21BFAE00491767 /* LaunchScreen.storyboard in Resources */ = {isa = PBXBuildFile; fileRef = AB97412A1E21BFAE00491767 /* LaunchScreen.storyboard */; };
/* End PBXBuildFile section */

/* Begin PBXFileReference section */
		AB1CB2D81E22B66D00AD56B0 /* Minecrafter.Reg.ttf */ = {isa = PBXFileReference; lastKnownFileType = file; path = Minecrafter.Reg.ttf; sourceTree = "<group>"; };
		AB1CB2DA1E22B85E00AD56B0 /* InterstellarErosion.ttf */ = {isa = PBXFileReference; lastKnownFileType = file; path = InterstellarErosion.ttf; sourceTree = "<group>"; };
		AB97411E1E21BFAE00491767 /* RetroCalculator.app */ = {isa = PBXFileReference; explicitFileType = wrapper.application; includeInIndex = 0; path = RetroCalculator.app; sourceTree = BUILT_PRODUCTS_DIR; };
		AB9741211E21BFAE00491767 /* AppDelegate.swift */ = {isa = PBXFileReference; lastKnownFileType = sourcecode.swift; path = AppDelegate.swift; sourceTree = "<group>"; };
		AB9741231E21BFAE00491767 /* ViewController.swift */ = {isa = PBXFileReference; lastKnownFileType = sourcecode.swift; path = ViewController.swift; sourceTree = "<group>"; };
		AB9741261E21BFAE00491767 /* Base */ = {isa = PBXFileReference; lastKnownFileType = file.storyboard; name = Base; path = Base.lproj/Main.storyboard; sourceTree = "<group>"; };
		AB9741281E21BFAE00491767 /* Assets.xcassets */ = {isa = PBXFileReference; lastKnownFileType = folder.assetcatalog; path = Assets.xcassets; sourceTree = "<group>"; };
		AB97412B1E21BFAE00491767 /* Base */ = {isa = PBXFileReference; lastKnownFileType = file.storyboard; name = Base; path = Base.lproj/LaunchScreen.storyboard; sourceTree = "<group>"; };
		AB97412D1E21BFAE00491767 /* Info.plist */ = {isa = PBXFileReference; lastKnownFileType = text.plist.xml; path = Info.plist; sourceTree = "<group>"; };
/* End PBXFileReference section */

/* Begin PBXFrameworksBuildPhase section */
		AB97411B1E21BFAE00491767 /* Frameworks */ = {
			isa = PBXFrameworksBuildPhase;
			buildActionMask = 2147483647;
			files = (
			);
			runOnlyForDeploymentPostprocessing = 0;
		};
/* End PBXFrameworksBuildPhase section */

/* Begin PBXGroup section */
		AB9741151E21BFAE00491767 = {
			isa = PBXGroup;
			children = (
				AB9741201E21BFAE00491767 /* RetroCalculator */,
				AB97411F1E21BFAE00491767 /* Products */,
			);
			sourceTree = "<group>";
		};
		AB97411F1E21BFAE00491767 /* Products */ = {
			isa = PBXGroup;
			children = (
				AB97411E1E21BFAE00491767 /* RetroCalculator.app */,
			);
			name = Products;
			sourceTree = "<group>";
		};
		AB9741201E21BFAE00491767 /* RetroCalculator */ = {
			isa = PBXGroup;
			children = (
				AB1CB2DA1E22B85E00AD56B0 /* InterstellarErosion.ttf */,
				AB1CB2D81E22B66D00AD56B0 /* Minecrafter.Reg.ttf */,
				AB9741211E21BFAE00491767 /* AppDelegate.swift */,
				AB9741231E21BFAE00491767 /* ViewController.swift */,
				AB9741251E21BFAE00491767 /* Main.storyboard */,
				AB9741281E21BFAE00491767 /* Assets.xcassets */,
				AB97412A1E21BFAE00491767 /* LaunchScreen.storyboard */,
				AB97412D1E21BFAE00491767 /* Info.plist */,
			);
			path = RetroCalculator;
			sourceTree = "<group>";
		};
/* End PBXGroup section */

/* Begin PBXNativeTarget section */
		AB97411D1E21BFAE00491767 /* RetroCalculator */ = {
			isa = PBXNativeTarget;
			buildConfigurationList = AB9741301E21BFAE00491767 /* Build configuration list for PBXNativeTarget "RetroCalculator" */;
			buildPhases = (
				AB97411A1E21BFAE00491767 /* Sources */,
				AB97411B1E21BFAE00491767 /* Frameworks */,
				AB97411C1E21BFAE00491767 /* Resources */,
			);
			buildRules = (
			);
			dependencies = (
			);
			name = RetroCalculator;
			productName = RetroCalculator;
			productReference = AB97411E1E21BFAE00491767 /* RetroCalculator.app */;
			productType = "com.apple.product-type.application";
		};
/* End PBXNativeTarget section */

/* Begin PBXProject section */
		AB9741161E21BFAE00491767 /* Project object */ = {
			isa = PBXProject;
			attributes = {
				LastSwiftUpdateCheck = 0820;
				LastUpgradeCheck = 0820;
				ORGANIZATIONNAME = "Alfredo Quintero Tlacuilo";
				TargetAttributes = {
					AB97411D1E21BFAE00491767 = {
						CreatedOnToolsVersion = 8.2.1;
						ProvisioningStyle = Automatic;
					};
				};
			};
			buildConfigurationList = AB9741191E21BFAE00491767 /* Build configuration list for PBXProject "RetroCalculator" */;
			compatibilityVersion = "Xcode 3.2";
			developmentRegion = English;
			hasScannedForEncodings = 0;
			knownRegions = (
				en,
				Base,
			);
			mainGroup = AB9741151E21BFAE00491767;
			productRefGroup = AB97411F1E21BFAE00491767 /* Products */;
			projectDirPath = "";
			projectRoot = "";
			targets = (
				AB97411D1E21BFAE00491767 /* RetroCalculator */,
			);
		};
/* End PBXProject section */

/* Begin PBXResourcesBuildPhase section */
		AB97411C1E21BFAE00491767 /* Resources */ = {
			isa = PBXResourcesBuildPhase;
			buildActionMask = 2147483647;
			files = (
				AB1CB2DB1E22B85E00AD56B0 /* InterstellarErosion.ttf in Resources */,
				AB97412C1E21BFAE00491767 /* LaunchScreen.storyboard in Resources */,
				AB9741291E21BFAE00491767 /* Assets.xcassets in Resources */,
				AB9741271E21BFAE00491767 /* Main.storyboard in Resources */,
				AB1CB2D91E22B66D00AD56B0 /* Minecrafter.Reg.ttf in Resources */,
			);
			runOnlyForDeploymentPostprocessing = 0;
		};
/* End PBXResourcesBuildPhase section */

/* Begin PBXSourcesBuildPhase section */
		AB97411A1E21BFAE00491767 /* Sources */ = {
			isa = PBXSourcesBuildPhase;
			buildActionMask = 2147483647;
			files = (
				AB9741241E21BFAE00491767 /* ViewController.swift in Sources */,
				AB9741221E21BFAE00491767 /* AppDelegate.swift in Sources */,
			);
			runOnlyForDeploymentPostprocessing = 0;
		};
/* End PBXSourcesBuildPhase section */

/* Begin PBXVariantGroup section */
		AB9741251E21BFAE00491767 /* Main.storyboard */ = {
			isa = PBXVariantGroup;
			children = (
				AB9741261E21BFAE00491767 /* Base */,
			);
			name = Main.storyboard;
			sourceTree = "<group>";
		};
		AB97412A1E21BFAE00491767 /* LaunchScreen.storyboard */ = {
			isa = PBXVariantGroup;
			children = (
				AB97412B1E21BFAE00491767 /* Base */,
			);
			name = LaunchScreen.storyboard;
			sourceTree = "<group>";
		};
/* End PBXVariantGroup section */

/* Begin XCBuildConfiguration section */
		AB97412E1E21BFAE00491767 /* Debug */ = {
			isa = XCBuildConfiguration;
			buildSettings = {
				ALWAYS_SEARCH_USER_PATHS = NO;
				CLANG_ANALYZER_NONNULL = YES;
				CLANG_CXX_LANGUAGE_STANDARD = "gnu++0x";
				CLANG_CXX_LIBRARY = "libc++";
				CLANG_ENABLE_MODULES = YES;
				CLANG_ENABLE_OBJC_ARC = YES;
				CLANG_WARN_BOOL_CONVERSION = YES;
				CLANG_WARN_CONSTANT_CONVERSION = YES;
				CLANG_WARN_DIRECT_OBJC_ISA_USAGE = YES_ERROR;
				CLANG_WARN_DOCUMENTATION_COMMENTS = YES;
				CLANG_WARN_EMPTY_BODY = YES;
				CLANG_WARN_ENUM_CONVERSION = YES;
				CLANG_WARN_INFINITE_RECURSION = YES;
				CLANG_WARN_INT_CONVERSION = YES;
				CLANG_WARN_OBJC_ROOT_CLASS = YES_ERROR;
				CLANG_WARN_SUSPICIOUS_MOVE = YES;
				CLANG_WARN_UNREACHABLE_CODE = YES;
				CLANG_WARN__DUPLICATE_METHOD_MATCH = YES;
				"CODE_SIGN_IDENTITY[sdk=iphoneos*]" = "iPhone Developer";
				COPY_PHASE_STRIP = NO;
				DEBUG_INFORMATION_FORMAT = dwarf;
				ENABLE_STRICT_OBJC_MSGSEND = YES;
				ENABLE_TESTABILITY = YES;
				GCC_C_LANGUAGE_STANDARD = gnu99;
				GCC_DYNAMIC_NO_PIC = NO;
				GCC_NO_COMMON_BLOCKS = YES;
				GCC_OPTIMIZATION_LEVEL = 0;
				GCC_PREPROCESSOR_DEFINITIONS = (
					"DEBUG=1",
					"$(inherited)",
				);
				GCC_WARN_64_TO_32_BIT_CONVERSION = YES;
				GCC_WARN_ABOUT_RETURN_TYPE = YES_ERROR;
				GCC_WARN_UNDECLARED_SELECTOR = YES;
				GCC_WARN_UNINITIALIZED_AUTOS = YES_AGGRESSIVE;
				GCC_WARN_UNUSED_FUNCTION = YES;
				GCC_WARN_UNUSED_VARIABLE = YES;
				IPHONEOS_DEPLOYMENT_TARGET = 10.2;
				MTL_ENABLE_DEBUG_INFO = YES;
				ONLY_ACTIVE_ARCH = YES;
				SDKROOT = iphoneos;
				SWIFT_ACTIVE_COMPILATION_CONDITIONS = DEBUG;
				SWIFT_OPTIMIZATION_LEVEL = "-Onone";
				TARGETED_DEVICE_FAMILY = "1,2";
			};
			name = Debug;
		};
		AB97412F1E21BFAE00491767 /* Release */ = {
			isa = XCBuildConfiguration;
			buildSettings = {
				ALWAYS_SEARCH_USER_PATHS = NO;
				CLANG_ANALYZER_NONNULL = YES;
				CLANG_CXX_LANGUAGE_STANDARD = "gnu++0x";
				CLANG_CXX_LIBRARY = "libc++";
				CLANG_ENABLE_MODULES = YES;
				CLANG_ENABLE_OBJC_ARC = YES;
				CLANG_WARN_BOOL_CONVERSION = YES;
				CLANG_WARN_CONSTANT_CONVERSION = YES;
				CLANG_WARN_DIRECT_OBJC_ISA_USAGE = YES_ERROR;
				CLANG_WARN_DOCUMENTATION_COMMENTS = YES;
				CLANG_WARN_EMPTY_BODY = YES;
				CLANG_WARN_ENUM_CONVERSION = YES;
				CLANG_WARN_INFINITE_RECURSION = YES;
				CLANG_WARN_INT_CONVERSION = YES;
				CLANG_WARN_OBJC_ROOT_CLASS = YES_ERROR;
				CLANG_WARN_SUSPICIOUS_MOVE = YES;
				CLANG_WARN_UNREACHABLE_CODE = YES;
				CLANG_WARN__DUPLICATE_METHOD_MATCH = YES;
				"CODE_SIGN_IDENTITY[sdk=iphoneos*]" = "iPhone Developer";
				COPY_PHASE_STRIP = NO;
				DEBUG_INFORMATION_FORMAT = "dwarf-with-dsym";
				ENABLE_NS_ASSERTIONS = NO;
				ENABLE_STRICT_OBJC_MSGSEND = YES;
				GCC_C_LANGUAGE_STANDARD = gnu99;
				GCC_NO_COMMON_BLOCKS = YES;
				GCC_WARN_64_TO_32_BIT_CONVERSION = YES;
				GCC_WARN_ABOUT_RETURN_TYPE = YES_ERROR;
				GCC_WARN_UNDECLARED_SELECTOR = YES;
				GCC_WARN_UNINITIALIZED_AUTOS = YES_AGGRESSIVE;
				GCC_WARN_UNUSED_FUNCTION = YES;
				GCC_WARN_UNUSED_VARIABLE = YES;
				IPHONEOS_DEPLOYMENT_TARGET = 10.2;
				MTL_ENABLE_DEBUG_INFO = NO;
				SDKROOT = iphoneos;
				SWIFT_OPTIMIZATION_LEVEL = "-Owholemodule";
				TARGETED_DEVICE_FAMILY = "1,2";
				VALIDATE_PRODUCT = YES;
			};
			name = Release;
		};
		AB9741311E21BFAE00491767 /* Debug */ = {
			isa = XCBuildConfiguration;
			buildSettings = {
				ASSETCATALOG_COMPILER_APPICON_NAME = AppIcon;
				INFOPLIST_FILE = RetroCalculator/Info.plist;
				LD_RUNPATH_SEARCH_PATHS = "$(inherited) @executable_path/Frameworks";
				PRODUCT_BUNDLE_IDENTIFIER = com.default.RetroCalculator;
				PRODUCT_NAME = "$(TARGET_NAME)";
				SWIFT_VERSION = 3.0;
			};
			name = Debug;
		};
		AB9741321E21BFAE00491767 /* Release */ = {
			isa = XCBuildConfiguration;
			buildSettings = {
				ASSETCATALOG_COMPILER_APPICON_NAME = AppIcon;
				INFOPLIST_FILE = RetroCalculator/Info.plist;
				LD_RUNPATH_SEARCH_PATHS = "$(inherited) @executable_path/Frameworks";
				PRODUCT_BUNDLE_IDENTIFIER = com.default.RetroCalculator;
				PRODUCT_NAME = "$(TARGET_NAME)";
				SWIFT_VERSION = 3.0;
			};
			name = Release;
		};
/* End XCBuildConfiguration section */

/* Begin XCConfigurationList section */
		AB9741191E21BFAE00491767 /* Build configuration list for PBXProject "RetroCalculator" */ = {
			isa = XCConfigurationList;
			buildConfigurations = (
				AB97412E1E21BFAE00491767 /* Debug */,
				AB97412F1E21BFAE00491767 /* Release */,
			);
			defaultConfigurationIsVisible = 0;
			defaultConfigurationName = Release;
		};
		AB9741301E21BFAE00491767 /* Build configuration list for PBXNativeTarget "RetroCalculator" */ = {
			isa = XCConfigurationList;
			buildConfigurations = (
				AB9741311E21BFAE00491767 /* Debug */,
				AB9741321E21BFAE00491767 /* Release */,
			);
			defaultConfigurationIsVisible = 0;
			defaultConfigurationName = Release;
		};
/* End XCConfigurationList section */
	};
	rootObject = AB9741161E21BFAE00491767 /* Project object */;
}
